
Microsoft Visual Studio Solution File, Format Version 12.00
# Visual Studio Version 16
VisualStudioVersion = 16.0.30907.101
MinimumVisualStudioVersion = 10.0.40219.1
Project("{FAE04EC0-301F-11D3-BF4B-00C04F79EFBC}") = "TermPaper", "TermPaper\TermPaper.csproj", "{9CD906C5-FC36-4056-BCC4-D664D73A1D3B}"
EndProject
Global
	GlobalSection(SolutionConfigurationPlatforms) = preSolution
		Debug|Any CPU = Debug|Any CPU
		Release|Any CPU = Release|Any CPU
	EndGlobalSection
	GlobalSection(ProjectConfigurationPlatforms) = postSolution
		{9CD906C5-FC36-4056-BCC4-D664D73A1D3B}.Debug|Any CPU.ActiveCfg = Debug|Any CPU
		{9CD906C5-FC36-4056-BCC4-D664D73A1D3B}.Debug|Any CPU.Build.0 = Debug|Any CPU
		{9CD906C5-FC36-4056-BCC4-D664D73A1D3B}.Release|Any CPU.ActiveCfg = Release|Any CPU
		{9CD906C5-FC36-4056-BCC4-D664D73A1D3B}.Release|Any CPU.Build.0 = Release|Any CPU
	EndGlobalSection
	GlobalSection(SolutionProperties) = preSolution
		HideSolutionNode = FALSE
	EndGlobalSection
	GlobalSection(ExtensibilityGlobals) = postSolution
		SolutionGuid = {2A7ACCF7-4D55-415C-BE61-0EAA86F29B5D}
	EndGlobalSection
EndGlobal
